
Microsoft Visual Studio Solution File, Format Version 12.00
# Visual Studio Version 17
VisualStudioVersion = 17.14.36310.24 d17.14
MinimumVisualStudioVersion = 10.0.40219.1
Project("{8BC9CEB8-8B4A-11D0-8D11-00A0C91BC942}") = "Exercise3", "Exercise3.vcxproj", "{D6EE8D34-4113-4440-AB4A-5A5A078104D2}"
EndProject
Global
	GlobalSection(SolutionConfigurationPlatforms) = preSolution
		Debug|x64 = Debug|x64
		Debug|x86 = Debug|x86
		Release|x64 = Release|x64
		Release|x86 = Release|x86
	EndGlobalSection
	GlobalSection(ProjectConfigurationPlatforms) = postSolution
		{D6EE8D34-4113-4440-AB4A-5A5A078104D2}.Debug|x64.ActiveCfg = Debug|x64
		{D6EE8D34-4113-4440-AB4A-5A5A078104D2}.Debug|x64.Build.0 = Debug|x64
		{D6EE8D34-4113-4440-AB4A-5A5A078104D2}.Debug|x86.ActiveCfg = Debug|Win32
		{D6EE8D34-4113-4440-AB4A-5A5A078104D2}.Debug|x86.Build.0 = Debug|Win32
		{D6EE8D34-4113-4440-AB4A-5A5A078104D2}.Release|x64.ActiveCfg = Release|x64
		{D6EE8D34-4113-4440-AB4A-5A5A078104D2}.Release|x64.Build.0 = Release|x64
		{D6EE8D34-4113-4440-AB4A-5A5A078104D2}.Release|x86.ActiveCfg = Release|Win32
		{D6EE8D34-4113-4440-AB4A-5A5A078104D2}.Release|x86.Build.0 = Release|Win32
	EndGlobalSection
	GlobalSection(SolutionProperties) = preSolution
		HideSolutionNode = FALSE
	EndGlobalSection
	GlobalSection(ExtensibilityGlobals) = postSolution
		SolutionGuid = {394B578D-B5AB-4E07-B4CB-88B6A1495213}
	EndGlobalSection
EndGlobal
